
Microsoft Visual Studio Solution File, Format Version 12.00
# Visual Studio Version 17
VisualStudioVersion = 17.4.33213.308
MinimumVisualStudioVersion = 10.0.40219.1
Project("{FAE04EC0-301F-11D3-BF4B-00C04F79EFBC}") = "CSharp_Algorithms", "CSharp_Algorithms.csproj", "{ABA34095-7920-4AE1-8012-B87C67DE71DA}"
EndProject
Global
	GlobalSection(SolutionConfigurationPlatforms) = preSolution
		Debug|Any CPU = Debug|Any CPU
		Release|Any CPU = Release|Any CPU
	EndGlobalSection
	GlobalSection(ProjectConfigurationPlatforms) = postSolution
		{ABA34095-7920-4AE1-8012-B87C67DE71DA}.Debug|Any CPU.ActiveCfg = Debug|Any CPU
		{ABA34095-7920-4AE1-8012-B87C67DE71DA}.Debug|Any CPU.Build.0 = Debug|Any CPU
		{ABA34095-7920-4AE1-8012-B87C67DE71DA}.Release|Any CPU.ActiveCfg = Release|Any CPU
		{ABA34095-7920-4AE1-8012-B87C67DE71DA}.Release|Any CPU.Build.0 = Release|Any CPU
	EndGlobalSection
	GlobalSection(SolutionProperties) = preSolution
		HideSolutionNode = FALSE
	EndGlobalSection
	GlobalSection(ExtensibilityGlobals) = postSolution
		SolutionGuid = {47F3FF18-A0CD-49E0-85DD-01C96FD4756A}
	EndGlobalSection
EndGlobal
