
Microsoft Visual Studio Solution File, Format Version 12.00
# Visual Studio Version 17
VisualStudioVersion = 17.4.33213.308
MinimumVisualStudioVersion = 10.0.40219.1
Project("{FAE04EC0-301F-11D3-BF4B-00C04F79EFBC}") = "PerfectNumber", "PerfectNumber.csproj", "{EEF89C27-5189-4AC0-953B-F26600ED056A}"
EndProject
Global
	GlobalSection(SolutionConfigurationPlatforms) = preSolution
		Debug|Any CPU = Debug|Any CPU
		Release|Any CPU = Release|Any CPU
	EndGlobalSection
	GlobalSection(ProjectConfigurationPlatforms) = postSolution
		{EEF89C27-5189-4AC0-953B-F26600ED056A}.Debug|Any CPU.ActiveCfg = Debug|Any CPU
		{EEF89C27-5189-4AC0-953B-F26600ED056A}.Debug|Any CPU.Build.0 = Debug|Any CPU
		{EEF89C27-5189-4AC0-953B-F26600ED056A}.Release|Any CPU.ActiveCfg = Release|Any CPU
		{EEF89C27-5189-4AC0-953B-F26600ED056A}.Release|Any CPU.Build.0 = Release|Any CPU
	EndGlobalSection
	GlobalSection(SolutionProperties) = preSolution
		HideSolutionNode = FALSE
	EndGlobalSection
	GlobalSection(ExtensibilityGlobals) = postSolution
		SolutionGuid = {7A926DB4-2C21-4B9D-A049-5D75A830EDEE}
	EndGlobalSection
EndGlobal
